
Microsoft Visual Studio Solution File, Format Version 12.00
# Visual Studio Version 16
VisualStudioVersion = 16.0.29215.179
MinimumVisualStudioVersion = 10.0.40219.1
Project("{9A19103F-16F7-4668-BE54-9A1E7A4F7556}") = "ThinBasic.NET", "ThinBasic.NET\ThinBasic.NET.csproj", "{0F05238C-23FF-4D59-8BEC-FFE311282F48}"
EndProject
Project("{9A19103F-16F7-4668-BE54-9A1E7A4F7556}") = "ThinBasic.NETTests", "ThinBasic.NETTests\ThinBasic.NETTests.csproj", "{6A80132D-7306-4E0E-A1AF-146A1C72CF76}"
EndProject
Project("{9A19103F-16F7-4668-BE54-9A1E7A4F7556}") = "ThinBasic.Example", "ThinBasic.Example\ThinBasic.Example.csproj", "{4FC2B9D3-3077-4440-AAF5-D8320A8E940A}"
EndProject
Global
	GlobalSection(SolutionConfigurationPlatforms) = preSolution
		Debug|Any CPU = Debug|Any CPU
		Debug|x86 = Debug|x86
		Release|Any CPU = Release|Any CPU
		Release|x86 = Release|x86
	EndGlobalSection
	GlobalSection(ProjectConfigurationPlatforms) = postSolution
		{0F05238C-23FF-4D59-8BEC-FFE311282F48}.Debug|Any CPU.ActiveCfg = Debug|Any CPU
		{0F05238C-23FF-4D59-8BEC-FFE311282F48}.Debug|Any CPU.Build.0 = Debug|Any CPU
		{0F05238C-23FF-4D59-8BEC-FFE311282F48}.Debug|x86.ActiveCfg = Debug|x86
		{0F05238C-23FF-4D59-8BEC-FFE311282F48}.Debug|x86.Build.0 = Debug|x86
		{0F05238C-23FF-4D59-8BEC-FFE311282F48}.Release|Any CPU.ActiveCfg = Release|Any CPU
		{0F05238C-23FF-4D59-8BEC-FFE311282F48}.Release|Any CPU.Build.0 = Release|Any CPU
		{0F05238C-23FF-4D59-8BEC-FFE311282F48}.Release|x86.ActiveCfg = Release|x86
		{0F05238C-23FF-4D59-8BEC-FFE311282F48}.Release|x86.Build.0 = Release|x86
		{6A80132D-7306-4E0E-A1AF-146A1C72CF76}.Debug|Any CPU.ActiveCfg = Debug|Any CPU
		{6A80132D-7306-4E0E-A1AF-146A1C72CF76}.Debug|Any CPU.Build.0 = Debug|Any CPU
		{6A80132D-7306-4E0E-A1AF-146A1C72CF76}.Debug|x86.ActiveCfg = Debug|Any CPU
		{6A80132D-7306-4E0E-A1AF-146A1C72CF76}.Debug|x86.Build.0 = Debug|Any CPU
		{6A80132D-7306-4E0E-A1AF-146A1C72CF76}.Release|Any CPU.ActiveCfg = Release|Any CPU
		{6A80132D-7306-4E0E-A1AF-146A1C72CF76}.Release|Any CPU.Build.0 = Release|Any CPU
		{6A80132D-7306-4E0E-A1AF-146A1C72CF76}.Release|x86.ActiveCfg = Release|Any CPU
		{6A80132D-7306-4E0E-A1AF-146A1C72CF76}.Release|x86.Build.0 = Release|Any CPU
		{4FC2B9D3-3077-4440-AAF5-D8320A8E940A}.Debug|Any CPU.ActiveCfg = Debug|Any CPU
		{4FC2B9D3-3077-4440-AAF5-D8320A8E940A}.Debug|Any CPU.Build.0 = Debug|Any CPU
		{4FC2B9D3-3077-4440-AAF5-D8320A8E940A}.Debug|x86.ActiveCfg = Debug|Any CPU
		{4FC2B9D3-3077-4440-AAF5-D8320A8E940A}.Debug|x86.Build.0 = Debug|Any CPU
		{4FC2B9D3-3077-4440-AAF5-D8320A8E940A}.Release|Any CPU.ActiveCfg = Release|Any CPU
		{4FC2B9D3-3077-4440-AAF5-D8320A8E940A}.Release|Any CPU.Build.0 = Release|Any CPU
		{4FC2B9D3-3077-4440-AAF5-D8320A8E940A}.Release|x86.ActiveCfg = Release|x86
		{4FC2B9D3-3077-4440-AAF5-D8320A8E940A}.Release|x86.Build.0 = Release|x86
	EndGlobalSection
	GlobalSection(SolutionProperties) = preSolution
		HideSolutionNode = FALSE
	EndGlobalSection
	GlobalSection(ExtensibilityGlobals) = postSolution
		SolutionGuid = {1B88B016-00A3-4AC1-ACAA-7CC8AB8B8BA3}
	EndGlobalSection
EndGlobal
