
Microsoft Visual Studio Solution File, Format Version 12.00
# Visual Studio Version 16
VisualStudioVersion = 16.0.29215.179
MinimumVisualStudioVersion = 10.0.40219.1
Project("{FAE04EC0-301F-11D3-BF4B-00C04F79EFBC}") = "ThinBasic.NET", "ThinBasic.NET\ThinBasic.NET.csproj", "{BE22848F-E1DF-4904-B566-DA29A905E016}"
EndProject
Project("{FAE04EC0-301F-11D3-BF4B-00C04F79EFBC}") = "ThinBasic.Example", "ThinBasic.Example\ThinBasic.Example.csproj", "{3501BBEE-2C2A-47B1-B407-D7C710AE566D}"
EndProject
Global
	GlobalSection(SolutionConfigurationPlatforms) = preSolution
		Debug|Any CPU = Debug|Any CPU
		Release|Any CPU = Release|Any CPU
	EndGlobalSection
	GlobalSection(ProjectConfigurationPlatforms) = postSolution
		{BE22848F-E1DF-4904-B566-DA29A905E016}.Debug|Any CPU.ActiveCfg = Debug|Any CPU
		{BE22848F-E1DF-4904-B566-DA29A905E016}.Debug|Any CPU.Build.0 = Debug|Any CPU
		{BE22848F-E1DF-4904-B566-DA29A905E016}.Release|Any CPU.ActiveCfg = Release|Any CPU
		{BE22848F-E1DF-4904-B566-DA29A905E016}.Release|Any CPU.Build.0 = Release|Any CPU
		{3501BBEE-2C2A-47B1-B407-D7C710AE566D}.Debug|Any CPU.ActiveCfg = Debug|Any CPU
		{3501BBEE-2C2A-47B1-B407-D7C710AE566D}.Debug|Any CPU.Build.0 = Debug|Any CPU
		{3501BBEE-2C2A-47B1-B407-D7C710AE566D}.Release|Any CPU.ActiveCfg = Release|Any CPU
		{3501BBEE-2C2A-47B1-B407-D7C710AE566D}.Release|Any CPU.Build.0 = Release|Any CPU
	EndGlobalSection
	GlobalSection(SolutionProperties) = preSolution
		HideSolutionNode = FALSE
	EndGlobalSection
	GlobalSection(ExtensibilityGlobals) = postSolution
		SolutionGuid = {A022368D-5BF4-4854-9B1D-8E2B55FA310E}
	EndGlobalSection
EndGlobal
